
Microsoft Visual Studio Solution File, Format Version 11.00
# Visual Studio 2010
Project("{FAE04EC0-301F-11D3-BF4B-00C04F79EFBC}") = "Trains", "Assembly-CSharp.csproj", "{7DAD79FB-E4C5-3350-CE46-A556BC2143BF}"
EndProject
Global
	GlobalSection(SolutionConfigurationPlatforms) = preSolution
		Debug|Any CPU = Debug|Any CPU
		Release|Any CPU = Release|Any CPU
	EndGlobalSection
	GlobalSection(ProjectConfigurationPlatforms) = postSolution
		{7DAD79FB-E4C5-3350-CE46-A556BC2143BF}.Debug|Any CPU.ActiveCfg = Debug|Any CPU
		{7DAD79FB-E4C5-3350-CE46-A556BC2143BF}.Debug|Any CPU.Build.0 = Debug|Any CPU
		{7DAD79FB-E4C5-3350-CE46-A556BC2143BF}.Release|Any CPU.ActiveCfg = Release|Any CPU
		{7DAD79FB-E4C5-3350-CE46-A556BC2143BF}.Release|Any CPU.Build.0 = Release|Any CPU
	EndGlobalSection
	GlobalSection(SolutionProperties) = preSolution
		HideSolutionNode = FALSE
	EndGlobalSection
	GlobalSection(MonoDevelopProperties) = preSolution
		StartupItem = Assembly-CSharp.csproj
	EndGlobalSection
EndGlobal
